
Microsoft Visual Studio Solution File, Format Version 12.00
# Visual Studio Version 16
VisualStudioVersion = 16.0.29613.14
MinimumVisualStudioVersion = 10.0.40219.1
Project("{9A19103F-16F7-4668-BE54-9A1E7A4F7556}") = "DistributedStateLib", "DistributedStateLib\DistributedStateLib.csproj", "{248B9918-50CA-4602-A657-7C7B5BF7BDEF}"
EndProject
Project("{9A19103F-16F7-4668-BE54-9A1E7A4F7556}") = "DistributedStateTest", "DistributedStateTest\DistributedStateTest.csproj", "{5C61CDAF-FC48-4812-80C6-111DC9E61687}"
EndProject
Project("{9A19103F-16F7-4668-BE54-9A1E7A4F7556}") = "DistributedThing", "DistributedThing\DistributedThing.csproj", "{B91E76FE-E515-4438-8657-FA7F08028D4D}"
EndProject
Global
	GlobalSection(SolutionConfigurationPlatforms) = preSolution
		Debug|Any CPU = Debug|Any CPU
		Release|Any CPU = Release|Any CPU
	EndGlobalSection
	GlobalSection(ProjectConfigurationPlatforms) = postSolution
		{248B9918-50CA-4602-A657-7C7B5BF7BDEF}.Debug|Any CPU.ActiveCfg = Debug|Any CPU
		{248B9918-50CA-4602-A657-7C7B5BF7BDEF}.Debug|Any CPU.Build.0 = Debug|Any CPU
		{248B9918-50CA-4602-A657-7C7B5BF7BDEF}.Release|Any CPU.ActiveCfg = Release|Any CPU
		{248B9918-50CA-4602-A657-7C7B5BF7BDEF}.Release|Any CPU.Build.0 = Release|Any CPU
		{5C61CDAF-FC48-4812-80C6-111DC9E61687}.Debug|Any CPU.ActiveCfg = Debug|Any CPU
		{5C61CDAF-FC48-4812-80C6-111DC9E61687}.Debug|Any CPU.Build.0 = Debug|Any CPU
		{5C61CDAF-FC48-4812-80C6-111DC9E61687}.Release|Any CPU.ActiveCfg = Release|Any CPU
		{5C61CDAF-FC48-4812-80C6-111DC9E61687}.Release|Any CPU.Build.0 = Release|Any CPU
		{B91E76FE-E515-4438-8657-FA7F08028D4D}.Debug|Any CPU.ActiveCfg = Debug|Any CPU
		{B91E76FE-E515-4438-8657-FA7F08028D4D}.Debug|Any CPU.Build.0 = Debug|Any CPU
		{B91E76FE-E515-4438-8657-FA7F08028D4D}.Release|Any CPU.ActiveCfg = Release|Any CPU
		{B91E76FE-E515-4438-8657-FA7F08028D4D}.Release|Any CPU.Build.0 = Release|Any CPU
	EndGlobalSection
	GlobalSection(SolutionProperties) = preSolution
		HideSolutionNode = FALSE
	EndGlobalSection
	GlobalSection(ExtensibilityGlobals) = postSolution
		SolutionGuid = {8291E6F7-1182-4D63-8549-2D6E80773C3A}
	EndGlobalSection
EndGlobal
